
Microsoft Visual Studio Solution File, Format Version 12.00
# Visual Studio Version 17
VisualStudioVersion = 17.5.33103.201
MinimumVisualStudioVersion = 10.0.40219.1
Project("{9A19103F-16F7-4668-BE54-9A1E7A4F7556}") = "DMS.Shared", "Shared\DMS.Shared.csproj", "{7314533C-FB2A-450F-B362-E3E9EDF0BC43}"
EndProject
Project("{9A19103F-16F7-4668-BE54-9A1E7A4F7556}") = "DMS", "Web\DMS.csproj", "{7D9433E1-D951-4617-8B8A-913C35993499}"
EndProject
Project("{2150E333-8FDC-42A3-9474-1A3956D46DE8}") = "Solution Items", "Solution Items", "{C281B268-D40F-4B6A-A14E-F0DA085D0CC4}"
	ProjectSection(SolutionItems) = preProject
		README.md = README.md
	EndProjectSection
EndProject
Project("{9A19103F-16F7-4668-BE54-9A1E7A4F7556}") = "DMS.Core", "Core\DMS.Core.csproj", "{1EC3D2D4-B1DF-44DB-8FCE-BD21CBC5FEBD}"
EndProject
Global
	GlobalSection(SolutionConfigurationPlatforms) = preSolution
		Debug|Any CPU = Debug|Any CPU
		Release|Any CPU = Release|Any CPU
	EndGlobalSection
	GlobalSection(ProjectConfigurationPlatforms) = postSolution
		{7314533C-FB2A-450F-B362-E3E9EDF0BC43}.Debug|Any CPU.ActiveCfg = Debug|Any CPU
		{7314533C-FB2A-450F-B362-E3E9EDF0BC43}.Debug|Any CPU.Build.0 = Debug|Any CPU
		{7314533C-FB2A-450F-B362-E3E9EDF0BC43}.Release|Any CPU.ActiveCfg = Release|Any CPU
		{7314533C-FB2A-450F-B362-E3E9EDF0BC43}.Release|Any CPU.Build.0 = Release|Any CPU
		{7D9433E1-D951-4617-8B8A-913C35993499}.Debug|Any CPU.ActiveCfg = Debug|Any CPU
		{7D9433E1-D951-4617-8B8A-913C35993499}.Debug|Any CPU.Build.0 = Debug|Any CPU
		{7D9433E1-D951-4617-8B8A-913C35993499}.Release|Any CPU.ActiveCfg = Release|Any CPU
		{7D9433E1-D951-4617-8B8A-913C35993499}.Release|Any CPU.Build.0 = Release|Any CPU
		{1EC3D2D4-B1DF-44DB-8FCE-BD21CBC5FEBD}.Debug|Any CPU.ActiveCfg = Debug|Any CPU
		{1EC3D2D4-B1DF-44DB-8FCE-BD21CBC5FEBD}.Debug|Any CPU.Build.0 = Debug|Any CPU
		{1EC3D2D4-B1DF-44DB-8FCE-BD21CBC5FEBD}.Release|Any CPU.ActiveCfg = Release|Any CPU
		{1EC3D2D4-B1DF-44DB-8FCE-BD21CBC5FEBD}.Release|Any CPU.Build.0 = Release|Any CPU
	EndGlobalSection
	GlobalSection(SolutionProperties) = preSolution
		HideSolutionNode = FALSE
	EndGlobalSection
	GlobalSection(ExtensibilityGlobals) = postSolution
		SolutionGuid = {F8248DB2-A44B-483A-9F87-59545E6A9604}
	EndGlobalSection
EndGlobal
